Microsoft Visual Studio Solution File, Format Version 12.00
# Visual Studio Version 17
VisualStudioVersion = 17.5.2.0
MinimumVisualStudioVersion = 10.0.40219.1
Project("{2150E333-8FDC-42A3-9474-1A3956D46DE8}") = "template", "template", "{B81DD640-40B3-2EBF-4088-4A2CAF1F9B56}"
EndProject
Project("{2150E333-8FDC-42A3-9474-1A3956D46DE8}") = "netwrix-internal-csharp", "netwrix-internal-csharp", "{B8F5D157-D4AA-BF43-FE1B-98E1200182E1}"
EndProject
Project("{FAE04EC0-301F-11D3-BF4B-00C04F79EFBC}") = "Root", "template\netwrix-internal-csharp\Root.csproj", "{F672D6BC-E2BE-6FF0-8654-D4A06F47C444}"
EndProject
Project("{FAE04EC0-301F-11D3-BF4B-00C04F79EFBC}") = "Function", "template\netwrix-internal-csharp\function\Function.csproj", "{AD8481C3-40E9-1975-FC48-8C9EEFEB359B}"
EndProject
Global
	GlobalSection(SolutionConfigurationPlatforms) = preSolution
		Debug|Any CPU = Debug|Any CPU
		Release|Any CPU = Release|Any CPU
	EndGlobalSection
	GlobalSection(ProjectConfigurationPlatforms) = postSolution
		{F672D6BC-E2BE-6FF0-8654-D4A06F47C444}.Debug|Any CPU.ActiveCfg = Debug|Any CPU
		{F672D6BC-E2BE-6FF0-8654-D4A06F47C444}.Debug|Any CPU.Build.0 = Debug|Any CPU
		{F672D6BC-E2BE-6FF0-8654-D4A06F47C444}.Release|Any CPU.ActiveCfg = Release|Any CPU
		{F672D6BC-E2BE-6FF0-8654-D4A06F47C444}.Release|Any CPU.Build.0 = Release|Any CPU
		{AD8481C3-40E9-1975-FC48-8C9EEFEB359B}.Debug|Any CPU.ActiveCfg = Debug|Any CPU
		{AD8481C3-40E9-1975-FC48-8C9EEFEB359B}.Debug|Any CPU.Build.0 = Debug|Any CPU
		{AD8481C3-40E9-1975-FC48-8C9EEFEB359B}.Release|Any CPU.ActiveCfg = Release|Any CPU
		{AD8481C3-40E9-1975-FC48-8C9EEFEB359B}.Release|Any CPU.Build.0 = Release|Any CPU
	EndGlobalSection
	GlobalSection(SolutionProperties) = preSolution
		HideSolutionNode = FALSE
	EndGlobalSection
	GlobalSection(NestedProjects) = preSolution
		{B8F5D157-D4AA-BF43-FE1B-98E1200182E1} = {B81DD640-40B3-2EBF-4088-4A2CAF1F9B56}
		{F672D6BC-E2BE-6FF0-8654-D4A06F47C444} = {B8F5D157-D4AA-BF43-FE1B-98E1200182E1}
		{AD8481C3-40E9-1975-FC48-8C9EEFEB359B} = {B8F5D157-D4AA-BF43-FE1B-98E1200182E1}
	EndGlobalSection
	GlobalSection(ExtensibilityGlobals) = postSolution
		SolutionGuid = {10B8D983-F7FB-47BC-8862-3594F1EE57A0}
	EndGlobalSection
EndGlobal
